
Microsoft Visual Studio Solution File, Format Version 12.00
# Visual Studio Version 16
VisualStudioVersion = 16.0.31313.79
MinimumVisualStudioVersion = 10.0.40219.1
Project("{FAE04EC0-301F-11D3-BF4B-00C04F79EFBC}") = "ChallengeV1", "ChallengeV1\ChallengeV1.csproj", "{DECD6368-7F2B-48A4-9659-5A5C11CE5E05}"
EndProject
Global
	GlobalSection(SolutionConfigurationPlatforms) = preSolution
		Debug|Any CPU = Debug|Any CPU
		Release|Any CPU = Release|Any CPU
	EndGlobalSection
	GlobalSection(ProjectConfigurationPlatforms) = postSolution
		{DECD6368-7F2B-48A4-9659-5A5C11CE5E05}.Debug|Any CPU.ActiveCfg = Debug|Any CPU
		{DECD6368-7F2B-48A4-9659-5A5C11CE5E05}.Debug|Any CPU.Build.0 = Debug|Any CPU
		{DECD6368-7F2B-48A4-9659-5A5C11CE5E05}.Release|Any CPU.ActiveCfg = Release|Any CPU
		{DECD6368-7F2B-48A4-9659-5A5C11CE5E05}.Release|Any CPU.Build.0 = Release|Any CPU
	EndGlobalSection
	GlobalSection(SolutionProperties) = preSolution
		HideSolutionNode = FALSE
	EndGlobalSection
	GlobalSection(ExtensibilityGlobals) = postSolution
		SolutionGuid = {8D5A1059-AEF9-44D3-A346-35A587E2660F}
	EndGlobalSection
EndGlobal
